
Microsoft Visual Studio Solution File, Format Version 12.00
# Visual Studio 15
VisualStudioVersion = 15.0.28307.102
MinimumVisualStudioVersion = 10.0.40219.1
Project("{FAE04EC0-301F-11D3-BF4B-00C04F79EFBC}") = "AppMVC", "AppMVC\AppMVC.csproj", "{68547F0B-5803-4024-A7E1-A84060147A2C}"
EndProject
Global
	GlobalSection(SolutionConfigurationPlatforms) = preSolution
		Debug|Any CPU = Debug|Any CPU
		Release|Any CPU = Release|Any CPU
	EndGlobalSection
	GlobalSection(ProjectConfigurationPlatforms) = postSolution
		{68547F0B-5803-4024-A7E1-A84060147A2C}.Debug|Any CPU.ActiveCfg = Debug|Any CPU
		{68547F0B-5803-4024-A7E1-A84060147A2C}.Debug|Any CPU.Build.0 = Debug|Any CPU
		{68547F0B-5803-4024-A7E1-A84060147A2C}.Release|Any CPU.ActiveCfg = Release|Any CPU
		{68547F0B-5803-4024-A7E1-A84060147A2C}.Release|Any CPU.Build.0 = Release|Any CPU
	EndGlobalSection
	GlobalSection(SolutionProperties) = preSolution
		HideSolutionNode = FALSE
	EndGlobalSection
	GlobalSection(ExtensibilityGlobals) = postSolution
		SolutionGuid = {7B180A5B-0EB8-4D2F-A040-F761EB3E755C}
	EndGlobalSection
EndGlobal
